
Microsoft Visual Studio Solution File, Format Version 12.00
# Visual Studio Version 16
VisualStudioVersion = 16.0.29215.179
MinimumVisualStudioVersion = 10.0.40219.1
Project("{FAE04EC0-301F-11D3-BF4B-00C04F79EFBC}") = "Game", "Game\Game.csproj", "{2469B416-765B-47C1-B5B4-07805CFA3A4A}"
EndProject
Global
	GlobalSection(SolutionConfigurationPlatforms) = preSolution
		Debug|Any CPU = Debug|Any CPU
		Release|Any CPU = Release|Any CPU
	EndGlobalSection
	GlobalSection(ProjectConfigurationPlatforms) = postSolution
		{2469B416-765B-47C1-B5B4-07805CFA3A4A}.Debug|Any CPU.ActiveCfg = Debug|Any CPU
		{2469B416-765B-47C1-B5B4-07805CFA3A4A}.Debug|Any CPU.Build.0 = Debug|Any CPU
		{2469B416-765B-47C1-B5B4-07805CFA3A4A}.Release|Any CPU.ActiveCfg = Release|Any CPU
		{2469B416-765B-47C1-B5B4-07805CFA3A4A}.Release|Any CPU.Build.0 = Release|Any CPU
	EndGlobalSection
	GlobalSection(SolutionProperties) = preSolution
		HideSolutionNode = FALSE
	EndGlobalSection
	GlobalSection(ExtensibilityGlobals) = postSolution
		SolutionGuid = {AB04A7A0-2FA0-4009-B802-1DF3D1F8A300}
	EndGlobalSection
EndGlobal
