
Microsoft Visual Studio Solution File, Format Version 12.00
# Visual Studio Version 16
VisualStudioVersion = 16.0.29215.179
MinimumVisualStudioVersion = 10.0.40219.1
Project("{FAE04EC0-301F-11D3-BF4B-00C04F79EFBC}") = "FirstApp", "FirstApp\FirstApp.csproj", "{6E09CA38-B0BC-492C-A597-77CE192FF592}"
EndProject
Global
	GlobalSection(SolutionConfigurationPlatforms) = preSolution
		Debug|Any CPU = Debug|Any CPU
		Release|Any CPU = Release|Any CPU
	EndGlobalSection
	GlobalSection(ProjectConfigurationPlatforms) = postSolution
		{6E09CA38-B0BC-492C-A597-77CE192FF592}.Debug|Any CPU.ActiveCfg = Debug|Any CPU
		{6E09CA38-B0BC-492C-A597-77CE192FF592}.Debug|Any CPU.Build.0 = Debug|Any CPU
		{6E09CA38-B0BC-492C-A597-77CE192FF592}.Release|Any CPU.ActiveCfg = Release|Any CPU
		{6E09CA38-B0BC-492C-A597-77CE192FF592}.Release|Any CPU.Build.0 = Release|Any CPU
	EndGlobalSection
	GlobalSection(SolutionProperties) = preSolution
		HideSolutionNode = FALSE
	EndGlobalSection
	GlobalSection(ExtensibilityGlobals) = postSolution
		SolutionGuid = {58CF5C79-551F-4651-A92C-138C596E5FD9}
	EndGlobalSection
EndGlobal
